
Microsoft Visual Studio Solution File, Format Version 12.00
# Visual Studio Version 17
VisualStudioVersion = 17.10.35013.160
MinimumVisualStudioVersion = 10.0.40219.1
Project("{9A19103F-16F7-4668-BE54-9A1E7A4F7556}") = "DNSLab.Web", "DNSLab.Web.csproj", "{2F9F4D4D-A0A5-42B8-B4F9-A02DF5707215}"
EndProject
Global
	GlobalSection(SolutionConfigurationPlatforms) = preSolution
		Debug|Any CPU = Debug|Any CPU
		Release|Any CPU = Release|Any CPU
	EndGlobalSection
	GlobalSection(ProjectConfigurationPlatforms) = postSolution
		{2F9F4D4D-A0A5-42B8-B4F9-A02DF5707215}.Debug|Any CPU.ActiveCfg = Debug|Any CPU
		{2F9F4D4D-A0A5-42B8-B4F9-A02DF5707215}.Debug|Any CPU.Build.0 = Debug|Any CPU
		{2F9F4D4D-A0A5-42B8-B4F9-A02DF5707215}.Release|Any CPU.ActiveCfg = Release|Any CPU
		{2F9F4D4D-A0A5-42B8-B4F9-A02DF5707215}.Release|Any CPU.Build.0 = Release|Any CPU
	EndGlobalSection
	GlobalSection(SolutionProperties) = preSolution
		HideSolutionNode = FALSE
	EndGlobalSection
	GlobalSection(ExtensibilityGlobals) = postSolution
		SolutionGuid = {2010F47E-5857-4B85-9EDE-A9D2174391F6}
	EndGlobalSection
EndGlobal
