
Microsoft Visual Studio Solution File, Format Version 12.00
# Visual Studio Version 17
VisualStudioVersion = 17.10.35013.160
MinimumVisualStudioVersion = 10.0.40219.1
Project("{9A19103F-16F7-4668-BE54-9A1E7A4F7556}") = "DNSLab", "DNSLab.csproj", "{06E7B3E2-F6F0-4B6A-B5AC-E9FF82C5CAE1}"
EndProject
Global
	GlobalSection(SolutionConfigurationPlatforms) = preSolution
		Debug|Any CPU = Debug|Any CPU
		Release|Any CPU = Release|Any CPU
	EndGlobalSection
	GlobalSection(ProjectConfigurationPlatforms) = postSolution
		{06E7B3E2-F6F0-4B6A-B5AC-E9FF82C5CAE1}.Debug|Any CPU.ActiveCfg = Debug|Any CPU
		{06E7B3E2-F6F0-4B6A-B5AC-E9FF82C5CAE1}.Debug|Any CPU.Build.0 = Debug|Any CPU
		{06E7B3E2-F6F0-4B6A-B5AC-E9FF82C5CAE1}.Release|Any CPU.ActiveCfg = Release|Any CPU
		{06E7B3E2-F6F0-4B6A-B5AC-E9FF82C5CAE1}.Release|Any CPU.Build.0 = Release|Any CPU
	EndGlobalSection
	GlobalSection(SolutionProperties) = preSolution
		HideSolutionNode = FALSE
	EndGlobalSection
	GlobalSection(ExtensibilityGlobals) = postSolution
		SolutionGuid = {2ADABE7C-7A28-4FAC-8148-4C2ECB38BB04}
	EndGlobalSection
EndGlobal
